
Microsoft Visual Studio Solution File, Format Version 12.00
# Visual Studio Version 17
VisualStudioVersion = 17.5.33530.505
MinimumVisualStudioVersion = 10.0.40219.1
Project("{FAE04EC0-301F-11D3-BF4B-00C04F79EFBC}") = "Act2Unidad2", "Act2Unidad2.csproj", "{FCFE41DA-525C-4AB0-922A-E1D40B640F9B}"
EndProject
Global
	GlobalSection(SolutionConfigurationPlatforms) = preSolution
		Debug|Any CPU = Debug|Any CPU
		Release|Any CPU = Release|Any CPU
	EndGlobalSection
	GlobalSection(ProjectConfigurationPlatforms) = postSolution
		{FCFE41DA-525C-4AB0-922A-E1D40B640F9B}.Debug|Any CPU.ActiveCfg = Debug|Any CPU
		{FCFE41DA-525C-4AB0-922A-E1D40B640F9B}.Debug|Any CPU.Build.0 = Debug|Any CPU
		{FCFE41DA-525C-4AB0-922A-E1D40B640F9B}.Release|Any CPU.ActiveCfg = Release|Any CPU
		{FCFE41DA-525C-4AB0-922A-E1D40B640F9B}.Release|Any CPU.Build.0 = Release|Any CPU
	EndGlobalSection
	GlobalSection(SolutionProperties) = preSolution
		HideSolutionNode = FALSE
	EndGlobalSection
	GlobalSection(ExtensibilityGlobals) = postSolution
		SolutionGuid = {2E9AD70E-DA36-4422-A93A-DA086611E6FD}
	EndGlobalSection
EndGlobal
